
Microsoft Visual Studio Solution File, Format Version 12.00
# Visual Studio Version 16
VisualStudioVersion = 16.0.30104.148
MinimumVisualStudioVersion = 10.0.40219.1
Project("{FAE04EC0-301F-11D3-BF4B-00C04F79EFBC}") = "VShopApp", "VShopApp\VShopApp.csproj", "{B1FD28C3-5517-4C97-B0B3-9AAC41DD92A2}"
EndProject
Global
	GlobalSection(SolutionConfigurationPlatforms) = preSolution
		Debug|Any CPU = Debug|Any CPU
		Release|Any CPU = Release|Any CPU
	EndGlobalSection
	GlobalSection(ProjectConfigurationPlatforms) = postSolution
		{B1FD28C3-5517-4C97-B0B3-9AAC41DD92A2}.Debug|Any CPU.ActiveCfg = Debug|Any CPU
		{B1FD28C3-5517-4C97-B0B3-9AAC41DD92A2}.Debug|Any CPU.Build.0 = Debug|Any CPU
		{B1FD28C3-5517-4C97-B0B3-9AAC41DD92A2}.Release|Any CPU.ActiveCfg = Release|Any CPU
		{B1FD28C3-5517-4C97-B0B3-9AAC41DD92A2}.Release|Any CPU.Build.0 = Release|Any CPU
	EndGlobalSection
	GlobalSection(SolutionProperties) = preSolution
		HideSolutionNode = FALSE
	EndGlobalSection
	GlobalSection(ExtensibilityGlobals) = postSolution
		SolutionGuid = {EEA65D30-7613-49F9-BF2C-D71486EB21A3}
	EndGlobalSection
EndGlobal
